// !$*UTF8*$!
{
	archiveVersion = 1;
	classes = {
	};
	objectVersion = 46;
	objects = {

/* Begin PBXBuildFile section */
		F0CF6A4E1C4ACB4500F99100 /* AppDelegate.swift in Sources */ = {isa = PBXBuildFile; fileRef = F0CF6A4D1C4ACB4500F99100 /* AppDelegate.swift */; };
		F0CF6A501C4ACB4500F99100 /* ViewController.swift in Sources */ = {isa = PBXBuildFile; fileRef = F0CF6A4F1C4ACB4500F99100 /* ViewController.swift */; };
		F0CF6A531C4ACB4500F99100 /* Main.storyboard in Resources */ = {isa = PBXBuildFile; fileRef = F0CF6A511C4ACB4500F99100 /* Main.storyboard */; };
		F0CF6A551C4ACB4500F99100 /* Assets.xcassets in Resources */ = {isa = PBXBuildFile; fileRef = F0CF6A541C4ACB4500F99100 /* Assets.xcassets */; };
/* End PBXBuildFile section */

/* Begin PBXFileReference section */
		F0CF6A4A1C4ACB4500F99100 /* Trailers_aTV_4.app */ = {isa = PBXFileReference; explicitFileType = wrapper.application; includeInIndex = 0; path = Trailers_aTV_4.app; sourceTree = BUILT_PRODUCTS_DIR; };
		F0CF6A4D1C4ACB4500F99100 /* AppDelegate.swift */ = {isa = PBXFileReference; lastKnownFileType = sourcecode.swift; path = AppDelegate.swift; sourceTree = "<group>"; };
		F0CF6A4F1C4ACB4500F99100 /* ViewController.swift */ = {isa = PBXFileReference; lastKnownFileType = sourcecode.swift; path = ViewController.swift; sourceTree = "<group>"; };
		F0CF6A521C4ACB4500F99100 /* Base */ = {isa = PBXFileReference; lastKnownFileType = file.storyboard; name = Base; path = Base.lproj/Main.storyboard; sourceTree = "<group>"; };
		F0CF6A541C4ACB4500F99100 /* Assets.xcassets */ = {isa = PBXFileReference; lastKnownFileType = folder.assetcatalog; path = Assets.xcassets; sourceTree = "<group>"; };
		F0CF6A561C4ACB4500F99100 /* Info.plist */ = {isa = PBXFileReference; lastKnownFileType = text.plist.xml; path = Info.plist; sourceTree = "<group>"; };
/* End PBXFileReference section */

/* Begin PBXFrameworksBuildPhase section */
		F0CF6A471C4ACB4500F99100 /* Frameworks */ = {
			isa = PBXFrameworksBuildPhase;
			buildActionMask = 2147483647;
			files = (
			);
			runOnlyForDeploymentPostprocessing = 0;
		};
/* End PBXFrameworksBuildPhase section */

/* Begin PBXGroup section */
		F0CF6A411C4ACB4500F99100 = {
			isa = PBXGroup;
			children = (
				F0CF6A4C1C4ACB4500F99100 /* Trailers_aTV_4 */,
				F0CF6A4B1C4ACB4500F99100 /* Products */,
			);
			sourceTree = "<group>";
		};
		F0CF6A4B1C4ACB4500F99100 /* Products */ = {
			isa = PBXGroup;
			children = (
				F0CF6A4A1C4ACB4500F99100 /* Trailers_aTV_4.app */,
			);
			name = Products;
			sourceTree = "<group>";
		};
		F0CF6A4C1C4ACB4500F99100 /* Trailers_aTV_4 */ = {
			isa = PBXGroup;
			children = (
				F0CF6A4D1C4ACB4500F99100 /* AppDelegate.swift */,
				F0CF6A4F1C4ACB4500F99100 /* ViewController.swift */,
				F0CF6A511C4ACB4500F99100 /* Main.storyboard */,
				F0CF6A541C4ACB4500F99100 /* Assets.xcassets */,
				F0CF6A561C4ACB4500F99100 /* Info.plist */,
			);
			path = Trailers_aTV_4;
			sourceTree = "<group>";
		};
/* End PBXGroup section */

/* Begin PBXNativeTarget section */
		F0CF6A491C4ACB4500F99100 /* Trailers_aTV_4 */ = {
			isa = PBXNativeTarget;
			buildConfigurationList = F0CF6A591C4ACB4500F99100 /* Build configuration list for PBXNativeTarget "Trailers_aTV_4" */;
			buildPhases = (
				F0CF6A461C4ACB4500F99100 /* Sources */,
				F0CF6A471C4ACB4500F99100 /* Frameworks */,
				F0CF6A481C4ACB4500F99100 /* Resources */,
			);
			buildRules = (
			);
			dependencies = (
			);
			name = Trailers_aTV_4;
			productName = Trailers_aTV_4;
			productReference = F0CF6A4A1C4ACB4500F99100 /* Trailers_aTV_4.app */;
			productType = "com.apple.product-type.application";
		};
/* End PBXNativeTarget section */

/* Begin PBXProject section */
		F0CF6A421C4ACB4500F99100 /* Project object */ = {
			isa = PBXProject;
			attributes = {
				LastSwiftUpdateCheck = 0720;
				LastUpgradeCheck = 0720;
				ORGANIZATIONNAME = roidy;
				TargetAttributes = {
					F0CF6A491C4ACB4500F99100 = {
						CreatedOnToolsVersion = 7.2;
						DevelopmentTeam = PLVUS369EE;
					};
				};
			};
			buildConfigurationList = F0CF6A451C4ACB4500F99100 /* Build configuration list for PBXProject "Trailers_aTV_4" */;
			compatibilityVersion = "Xcode 3.2";
			developmentRegion = English;
			hasScannedForEncodings = 0;
			knownRegions = (
				en,
				Base,
			);
			mainGroup = F0CF6A411C4ACB4500F99100;
			productRefGroup = F0CF6A4B1C4ACB4500F99100 /* Products */;
			projectDirPath = "";
			projectRoot = "";
			targets = (
				F0CF6A491C4ACB4500F99100 /* Trailers_aTV_4 */,
			);
		};
/* End PBXProject section */

/* Begin PBXResourcesBuildPhase section */
		F0CF6A481C4ACB4500F99100 /* Resources */ = {
			isa = PBXResourcesBuildPhase;
			buildActionMask = 2147483647;
			files = (
				F0CF6A551C4ACB4500F99100 /* Assets.xcassets in Resources */,
				F0CF6A531C4ACB4500F99100 /* Main.storyboard in Resources */,
			);
			runOnlyForDeploymentPostprocessing = 0;
		};
/* End PBXResourcesBuildPhase section */

/* Begin PBXSourcesBuildPhase section */
		F0CF6A461C4ACB4500F99100 /* Sources */ = {
			isa = PBXSourcesBuildPhase;
			buildActionMask = 2147483647;
			files = (
				F0CF6A501C4ACB4500F99100 /* ViewController.swift in Sources */,
				F0CF6A4E1C4ACB4500F99100 /* AppDelegate.swift in Sources */,
			);
			runOnlyForDeploymentPostprocessing = 0;
		};
/* End PBXSourcesBuildPhase section */

/* Begin PBXVariantGroup section */
		F0CF6A511C4ACB4500F99100 /* Main.storyboard */ = {
			isa = PBXVariantGroup;
			children = (
				F0CF6A521C4ACB4500F99100 /* Base */,
			);
			name = Main.storyboard;
			sourceTree = "<group>";
		};
/* End PBXVariantGroup section */

/* Begin XCBuildConfiguration section */
		F0CF6A571C4ACB4500F99100 /* Debug */ = {
			isa = XCBuildConfiguration;
			buildSettings = {
				ALWAYS_SEARCH_USER_PATHS = NO;
				CLANG_CXX_LANGUAGE_STANDARD = "gnu++0x";
				CLANG_CXX_LIBRARY = "libc++";
				CLANG_ENABLE_MODULES = YES;
				CLANG_ENABLE_OBJC_ARC = YES;
				CLANG_WARN_BOOL_CONVERSION = YES;
				CLANG_WARN_CONSTANT_CONVERSION = YES;
				CLANG_WARN_DIRECT_OBJC_ISA_USAGE = YES_ERROR;
				CLANG_WARN_EMPTY_BODY = YES;
				CLANG_WARN_ENUM_CONVERSION = YES;
				CLANG_WARN_INT_CONVERSION = YES;
				CLANG_WARN_OBJC_ROOT_CLASS = YES_ERROR;
				CLANG_WARN_UNREACHABLE_CODE = YES;
				CLANG_WARN__DUPLICATE_METHOD_MATCH = YES;
				COPY_PHASE_STRIP = NO;
				DEBUG_INFORMATION_FORMAT = dwarf;
				ENABLE_STRICT_OBJC_MSGSEND = YES;
				ENABLE_TESTABILITY = YES;
				GCC_C_LANGUAGE_STANDARD = gnu99;
				GCC_DYNAMIC_NO_PIC = NO;
				GCC_NO_COMMON_BLOCKS = YES;
				GCC_OPTIMIZATION_LEVEL = 0;
				GCC_PREPROCESSOR_DEFINITIONS = (
					"DEBUG=1",
					"$(inherited)",
				);
				GCC_WARN_64_TO_32_BIT_CONVERSION = YES;
				GCC_WARN_ABOUT_RETURN_TYPE = YES_ERROR;
				GCC_WARN_UNDECLARED_SELECTOR = YES;
				GCC_WARN_UNINITIALIZED_AUTOS = YES_AGGRESSIVE;
				GCC_WARN_UNUSED_FUNCTION = YES;
				GCC_WARN_UNUSED_VARIABLE = YES;
				MTL_ENABLE_DEBUG_INFO = YES;
				ONLY_ACTIVE_ARCH = YES;
				SDKROOT = appletvos;
				SWIFT_OPTIMIZATION_LEVEL = "-Onone";
				TARGETED_DEVICE_FAMILY = 3;
				TVOS_DEPLOYMENT_TARGET = 9.1;
			};
			name = Debug;
		};
		F0CF6A581C4ACB4500F99100 /* Release */ = {
			isa = XCBuildConfiguration;
			buildSettings = {
				ALWAYS_SEARCH_USER_PATHS = NO;
				CLANG_CXX_LANGUAGE_STANDARD = "gnu++0x";
				CLANG_CXX_LIBRARY = "libc++";
				CLANG_ENABLE_MODULES = YES;
				CLANG_ENABLE_OBJC_ARC = YES;
				CLANG_WARN_BOOL_CONVERSION = YES;
				CLANG_WARN_CONSTANT_CONVERSION = YES;
				CLANG_WARN_DIRECT_OBJC_ISA_USAGE = YES_ERROR;
				CLANG_WARN_EMPTY_BODY = YES;
				CLANG_WARN_ENUM_CONVERSION = YES;
				CLANG_WARN_INT_CONVERSION = YES;
				CLANG_WARN_OBJC_ROOT_CLASS = YES_ERROR;
				CLANG_WARN_UNREACHABLE_CODE = YES;
				CLANG_WARN__DUPLICATE_METHOD_MATCH = YES;
				COPY_PHASE_STRIP = NO;
				DEBUG_INFORMATION_FORMAT = "dwarf-with-dsym";
				ENABLE_NS_ASSERTIONS = NO;
				ENABLE_STRICT_OBJC_MSGSEND = YES;
				GCC_C_LANGUAGE_STANDARD = gnu99;
				GCC_NO_COMMON_BLOCKS = YES;
				GCC_WARN_64_TO_32_BIT_CONVERSION = YES;
				GCC_WARN_ABOUT_RETURN_TYPE = YES_ERROR;
				GCC_WARN_UNDECLARED_SELECTOR = YES;
				GCC_WARN_UNINITIALIZED_AUTOS = YES_AGGRESSIVE;
				GCC_WARN_UNUSED_FUNCTION = YES;
				GCC_WARN_UNUSED_VARIABLE = YES;
				MTL_ENABLE_DEBUG_INFO = NO;
				SDKROOT = appletvos;
				TARGETED_DEVICE_FAMILY = 3;
				TVOS_DEPLOYMENT_TARGET = 9.1;
				VALIDATE_PRODUCT = YES;
			};
			name = Release;
		};
		F0CF6A5A1C4ACB4500F99100 /* Debug */ = {
			isa = XCBuildConfiguration;
			buildSettings = {
				ASSETCATALOG_COMPILER_APPICON_NAME = "App Icon & Top Shelf Image";
				ASSETCATALOG_COMPILER_LAUNCHIMAGE_NAME = LaunchImage;
				INFOPLIST_FILE = Trailers_aTV_4/Info.plist;
				LD_RUNPATH_SEARCH_PATHS = "$(inherited) @executable_path/Frameworks";
				PRODUCT_BUNDLE_IDENTIFIER = "com.roidy.Trailers-aTV-4";
				PRODUCT_NAME = "$(TARGET_NAME)";
			};
			name = Debug;
		};
		F0CF6A5B1C4ACB4500F99100 /* Release */ = {
			isa = XCBuildConfiguration;
			buildSettings = {
				ASSETCATALOG_COMPILER_APPICON_NAME = "App Icon & Top Shelf Image";
				ASSETCATALOG_COMPILER_LAUNCHIMAGE_NAME = LaunchImage;
				INFOPLIST_FILE = Trailers_aTV_4/Info.plist;
				LD_RUNPATH_SEARCH_PATHS = "$(inherited) @executable_path/Frameworks";
				PRODUCT_BUNDLE_IDENTIFIER = "com.roidy.Trailers-aTV-4";
				PRODUCT_NAME = "$(TARGET_NAME)";
			};
			name = Release;
		};
/* End XCBuildConfiguration section */

/* Begin XCConfigurationList section */
		F0CF6A451C4ACB4500F99100 /* Build configuration list for PBXProject "Trailers_aTV_4" */ = {
			isa = XCConfigurationList;
			buildConfigurations = (
				F0CF6A571C4ACB4500F99100 /* Debug */,
				F0CF6A581C4ACB4500F99100 /* Release */,
			);
			defaultConfigurationIsVisible = 0;
			defaultConfigurationName = Release;
		};
		F0CF6A591C4ACB4500F99100 /* Build configuration list for PBXNativeTarget "Trailers_aTV_4" */ = {
			isa = XCConfigurationList;
			buildConfigurations = (
				F0CF6A5A1C4ACB4500F99100 /* Debug */,
				F0CF6A5B1C4ACB4500F99100 /* Release */,
			);
			defaultConfigurationIsVisible = 0;
		};
/* End XCConfigurationList section */
	};
	rootObject = F0CF6A421C4ACB4500F99100 /* Project object */;
}
